// !$*UTF8*$!
{
	archiveVersion = 1;
	classes = {
	};
	objectVersion = 46;
	objects = {

/* Begin PBXBuildFile section */
		CD8AD4181CFE600A001E9BBC /* main.m in Sources */ = {isa = PBXBuildFile; fileRef = CD8AD4171CFE600A001E9BBC /* main.m */; };
		CD8AD41B1CFE600A001E9BBC /* AppDelegate.m in Sources */ = {isa = PBXBuildFile; fileRef = CD8AD41A1CFE600A001E9BBC /* AppDelegate.m */; };
		CD8AD41E1CFE600A001E9BBC /* Start.m in Sources */ = {isa = PBXBuildFile; fileRef = CD8AD41D1CFE600A001E9BBC /* Start.m */; };
		CD8AD4211CFE600A001E9BBC /* Main.storyboard in Resources */ = {isa = PBXBuildFile; fileRef = CD8AD41F1CFE600A001E9BBC /* Main.storyboard */; };
		CD8AD4241CFE600A001E9BBC /* My_First_Project.xcdatamodeld in Sources */ = {isa = PBXBuildFile; fileRef = CD8AD4221CFE600A001E9BBC /* My_First_Project.xcdatamodeld */; };
		CD8AD4261CFE600A001E9BBC /* Assets.xcassets in Resources */ = {isa = PBXBuildFile; fileRef = CD8AD4251CFE600A001E9BBC /* Assets.xcassets */; };
		CD8AD4291CFE600A001E9BBC /* LaunchScreen.storyboard in Resources */ = {isa = PBXBuildFile; fileRef = CD8AD4271CFE600A001E9BBC /* LaunchScreen.storyboard */; };
		CD8AD4331CFE8814001E9BBC /* imgs in Resources */ = {isa = PBXBuildFile; fileRef = CD8AD4321CFE8814001E9BBC /* imgs */; };
/* End PBXBuildFile section */

/* Begin PBXFileReference section */
		CD8AD4131CFE600A001E9BBC /* My First Project.app */ = {isa = PBXFileReference; explicitFileType = wrapper.application; includeInIndex = 0; path = "My First Project.app"; sourceTree = BUILT_PRODUCTS_DIR; };
		CD8AD4171CFE600A001E9BBC /* main.m */ = {isa = PBXFileReference; lastKnownFileType = sourcecode.c.objc; path = main.m; sourceTree = "<group>"; };
		CD8AD4191CFE600A001E9BBC /* AppDelegate.h */ = {isa = PBXFileReference; lastKnownFileType = sourcecode.c.h; path = AppDelegate.h; sourceTree = "<group>"; };
		CD8AD41A1CFE600A001E9BBC /* AppDelegate.m */ = {isa = PBXFileReference; lastKnownFileType = sourcecode.c.objc; path = AppDelegate.m; sourceTree = "<group>"; };
		CD8AD41C1CFE600A001E9BBC /* Start.h */ = {isa = PBXFileReference; lastKnownFileType = sourcecode.c.h; path = Start.h; sourceTree = "<group>"; };
		CD8AD41D1CFE600A001E9BBC /* Start.m */ = {isa = PBXFileReference; lastKnownFileType = sourcecode.c.objc; path = Start.m; sourceTree = "<group>"; };
		CD8AD4201CFE600A001E9BBC /* Base */ = {isa = PBXFileReference; lastKnownFileType = file.storyboard; name = Base; path = Base.lproj/Main.storyboard; sourceTree = "<group>"; };
		CD8AD4231CFE600A001E9BBC /* My_First_Project.xcdatamodel */ = {isa = PBXFileReference; lastKnownFileType = wrapper.xcdatamodel; path = My_First_Project.xcdatamodel; sourceTree = "<group>"; };
		CD8AD4251CFE600A001E9BBC /* Assets.xcassets */ = {isa = PBXFileReference; lastKnownFileType = folder.assetcatalog; path = Assets.xcassets; sourceTree = "<group>"; };
		CD8AD4281CFE600A001E9BBC /* Base */ = {isa = PBXFileReference; lastKnownFileType = file.storyboard; name = Base; path = Base.lproj/LaunchScreen.storyboard; sourceTree = "<group>"; };
		CD8AD42A1CFE600A001E9BBC /* Info.plist */ = {isa = PBXFileReference; lastKnownFileType = text.plist.xml; path = Info.plist; sourceTree = "<group>"; };
		CD8AD4321CFE8814001E9BBC /* imgs */ = {isa = PBXFileReference; lastKnownFileType = folder; path = imgs; sourceTree = "<group>"; };
/* End PBXFileReference section */

/* Begin PBXFrameworksBuildPhase section */
		CD8AD4101CFE600A001E9BBC /* Frameworks */ = {
			isa = PBXFrameworksBuildPhase;
			buildActionMask = 2147483647;
			files = (
			);
			runOnlyForDeploymentPostprocessing = 0;
		};
/* End PBXFrameworksBuildPhase section */

/* Begin PBXGroup section */
		CD8AD40A1CFE600A001E9BBC = {
			isa = PBXGroup;
			children = (
				CD8AD4151CFE600A001E9BBC /* My First Project */,
				CD8AD4141CFE600A001E9BBC /* Products */,
			);
			sourceTree = "<group>";
		};
		CD8AD4141CFE600A001E9BBC /* Products */ = {
			isa = PBXGroup;
			children = (
				CD8AD4131CFE600A001E9BBC /* My First Project.app */,
			);
			name = Products;
			sourceTree = "<group>";
		};
		CD8AD4151CFE600A001E9BBC /* My First Project */ = {
			isa = PBXGroup;
			children = (
				CD8AD4301CFE646B001E9BBC /* Main */,
				CD8AD4311CFE647A001E9BBC /* Controllers */,
				CD8AD4321CFE8814001E9BBC /* imgs */,
				CD8AD41F1CFE600A001E9BBC /* Main.storyboard */,
				CD8AD4251CFE600A001E9BBC /* Assets.xcassets */,
				CD8AD4271CFE600A001E9BBC /* LaunchScreen.storyboard */,
				CD8AD42A1CFE600A001E9BBC /* Info.plist */,
				CD8AD4221CFE600A001E9BBC /* My_First_Project.xcdatamodeld */,
				CD8AD4161CFE600A001E9BBC /* Supporting Files */,
			);
			path = "My First Project";
			sourceTree = "<group>";
		};
		CD8AD4161CFE600A001E9BBC /* Supporting Files */ = {
			isa = PBXGroup;
			children = (
				CD8AD4171CFE600A001E9BBC /* main.m */,
			);
			name = "Supporting Files";
			sourceTree = "<group>";
		};
		CD8AD4301CFE646B001E9BBC /* Main */ = {
			isa = PBXGroup;
			children = (
				CD8AD4191CFE600A001E9BBC /* AppDelegate.h */,
				CD8AD41A1CFE600A001E9BBC /* AppDelegate.m */,
			);
			name = Main;
			sourceTree = "<group>";
		};
		CD8AD4311CFE647A001E9BBC /* Controllers */ = {
			isa = PBXGroup;
			children = (
				CD8AD41C1CFE600A001E9BBC /* Start.h */,
				CD8AD41D1CFE600A001E9BBC /* Start.m */,
			);
			name = Controllers;
			sourceTree = "<group>";
		};
/* End PBXGroup section */

/* Begin PBXNativeTarget section */
		CD8AD4121CFE600A001E9BBC /* My First Project */ = {
			isa = PBXNativeTarget;
			buildConfigurationList = CD8AD42D1CFE600A001E9BBC /* Build configuration list for PBXNativeTarget "My First Project" */;
			buildPhases = (
				CD8AD40F1CFE600A001E9BBC /* Sources */,
				CD8AD4101CFE600A001E9BBC /* Frameworks */,
				CD8AD4111CFE600A001E9BBC /* Resources */,
			);
			buildRules = (
			);
			dependencies = (
			);
			name = "My First Project";
			productName = "My First Project";
			productReference = CD8AD4131CFE600A001E9BBC /* My First Project.app */;
			productType = "com.apple.product-type.application";
		};
/* End PBXNativeTarget section */

/* Begin PBXProject section */
		CD8AD40B1CFE600A001E9BBC /* Project object */ = {
			isa = PBXProject;
			attributes = {
				LastUpgradeCheck = 0730;
				ORGANIZATIONNAME = EAVH;
				TargetAttributes = {
					CD8AD4121CFE600A001E9BBC = {
						CreatedOnToolsVersion = 7.3.1;
					};
				};
			};
			buildConfigurationList = CD8AD40E1CFE600A001E9BBC /* Build configuration list for PBXProject "My First Project" */;
			compatibilityVersion = "Xcode 3.2";
			developmentRegion = English;
			hasScannedForEncodings = 0;
			knownRegions = (
				en,
				Base,
			);
			mainGroup = CD8AD40A1CFE600A001E9BBC;
			productRefGroup = CD8AD4141CFE600A001E9BBC /* Products */;
			projectDirPath = "";
			projectRoot = "";
			targets = (
				CD8AD4121CFE600A001E9BBC /* My First Project */,
			);
		};
/* End PBXProject section */

/* Begin PBXResourcesBuildPhase section */
		CD8AD4111CFE600A001E9BBC /* Resources */ = {
			isa = PBXResourcesBuildPhase;
			buildActionMask = 2147483647;
			files = (
				CD8AD4331CFE8814001E9BBC /* imgs in Resources */,
				CD8AD4291CFE600A001E9BBC /* LaunchScreen.storyboard in Resources */,
				CD8AD4261CFE600A001E9BBC /* Assets.xcassets in Resources */,
				CD8AD4211CFE600A001E9BBC /* Main.storyboard in Resources */,
			);
			runOnlyForDeploymentPostprocessing = 0;
		};
/* End PBXResourcesBuildPhase section */

/* Begin PBXSourcesBuildPhase section */
		CD8AD40F1CFE600A001E9BBC /* Sources */ = {
			isa = PBXSourcesBuildPhase;
			buildActionMask = 2147483647;
			files = (
				CD8AD4241CFE600A001E9BBC /* My_First_Project.xcdatamodeld in Sources */,
				CD8AD41E1CFE600A001E9BBC /* Start.m in Sources */,
				CD8AD41B1CFE600A001E9BBC /* AppDelegate.m in Sources */,
				CD8AD4181CFE600A001E9BBC /* main.m in Sources */,
			);
			runOnlyForDeploymentPostprocessing = 0;
		};
/* End PBXSourcesBuildPhase section */

/* Begin PBXVariantGroup section */
		CD8AD41F1CFE600A001E9BBC /* Main.storyboard */ = {
			isa = PBXVariantGroup;
			children = (
				CD8AD4201CFE600A001E9BBC /* Base */,
			);
			name = Main.storyboard;
			sourceTree = "<group>";
		};
		CD8AD4271CFE600A001E9BBC /* LaunchScreen.storyboard */ = {
			isa = PBXVariantGroup;
			children = (
				CD8AD4281CFE600A001E9BBC /* Base */,
			);
			name = LaunchScreen.storyboard;
			sourceTree = "<group>";
		};
/* End PBXVariantGroup section */

/* Begin XCBuildConfiguration section */
		CD8AD42B1CFE600A001E9BBC /* Debug */ = {
			isa = XCBuildConfiguration;
			buildSettings = {
				ALWAYS_SEARCH_USER_PATHS = NO;
				CLANG_ANALYZER_NONNULL = YES;
				CLANG_CXX_LANGUAGE_STANDARD = "gnu++0x";
				CLANG_CXX_LIBRARY = "libc++";
				CLANG_ENABLE_MODULES = YES;
				CLANG_ENABLE_OBJC_ARC = YES;
				CLANG_WARN_BOOL_CONVERSION = YES;
				CLANG_WARN_CONSTANT_CONVERSION = YES;
				CLANG_WARN_DIRECT_OBJC_ISA_USAGE = YES_ERROR;
				CLANG_WARN_EMPTY_BODY = YES;
				CLANG_WARN_ENUM_CONVERSION = YES;
				CLANG_WARN_INT_CONVERSION = YES;
				CLANG_WARN_OBJC_ROOT_CLASS = YES_ERROR;
				CLANG_WARN_UNREACHABLE_CODE = YES;
				CLANG_WARN__DUPLICATE_METHOD_MATCH = YES;
				"CODE_SIGN_IDENTITY[sdk=iphoneos*]" = "iPhone Developer";
				COPY_PHASE_STRIP = NO;
				DEBUG_INFORMATION_FORMAT = dwarf;
				ENABLE_STRICT_OBJC_MSGSEND = YES;
				ENABLE_TESTABILITY = YES;
				GCC_C_LANGUAGE_STANDARD = gnu99;
				GCC_DYNAMIC_NO_PIC = NO;
				GCC_NO_COMMON_BLOCKS = YES;
				GCC_OPTIMIZATION_LEVEL = 0;
				GCC_PREPROCESSOR_DEFINITIONS = (
					"DEBUG=1",
					"$(inherited)",
				);
				GCC_WARN_64_TO_32_BIT_CONVERSION = YES;
				GCC_WARN_ABOUT_RETURN_TYPE = YES_ERROR;
				GCC_WARN_UNDECLARED_SELECTOR = YES;
				GCC_WARN_UNINITIALIZED_AUTOS = YES_AGGRESSIVE;
				GCC_WARN_UNUSED_FUNCTION = YES;
				GCC_WARN_UNUSED_VARIABLE = YES;
				IPHONEOS_DEPLOYMENT_TARGET = 9.3;
				MTL_ENABLE_DEBUG_INFO = YES;
				ONLY_ACTIVE_ARCH = YES;
				SDKROOT = iphoneos;
			};
			name = Debug;
		};
		CD8AD42C1CFE600A001E9BBC /* Release */ = {
			isa = XCBuildConfiguration;
			buildSettings = {
				ALWAYS_SEARCH_USER_PATHS = NO;
				CLANG_ANALYZER_NONNULL = YES;
				CLANG_CXX_LANGUAGE_STANDARD = "gnu++0x";
				CLANG_CXX_LIBRARY = "libc++";
				CLANG_ENABLE_MODULES = YES;
				CLANG_ENABLE_OBJC_ARC = YES;
				CLANG_WARN_BOOL_CONVERSION = YES;
				CLANG_WARN_CONSTANT_CONVERSION = YES;
				CLANG_WARN_DIRECT_OBJC_ISA_USAGE = YES_ERROR;
				CLANG_WARN_EMPTY_BODY = YES;
				CLANG_WARN_ENUM_CONVERSION = YES;
				CLANG_WARN_INT_CONVERSION = YES;
				CLANG_WARN_OBJC_ROOT_CLASS = YES_ERROR;
				CLANG_WARN_UNREACHABLE_CODE = YES;
				CLANG_WARN__DUPLICATE_METHOD_MATCH = YES;
				"CODE_SIGN_IDENTITY[sdk=iphoneos*]" = "iPhone Developer";
				COPY_PHASE_STRIP = NO;
				DEBUG_INFORMATION_FORMAT = "dwarf-with-dsym";
				ENABLE_NS_ASSERTIONS = NO;
				ENABLE_STRICT_OBJC_MSGSEND = YES;
				GCC_C_LANGUAGE_STANDARD = gnu99;
				GCC_NO_COMMON_BLOCKS = YES;
				GCC_WARN_64_TO_32_BIT_CONVERSION = YES;
				GCC_WARN_ABOUT_RETURN_TYPE = YES_ERROR;
				GCC_WARN_UNDECLARED_SELECTOR = YES;
				GCC_WARN_UNINITIALIZED_AUTOS = YES_AGGRESSIVE;
				GCC_WARN_UNUSED_FUNCTION = YES;
				GCC_WARN_UNUSED_VARIABLE = YES;
				IPHONEOS_DEPLOYMENT_TARGET = 9.3;
				MTL_ENABLE_DEBUG_INFO = NO;
				SDKROOT = iphoneos;
				VALIDATE_PRODUCT = YES;
			};
			name = Release;
		};
		CD8AD42E1CFE600A001E9BBC /* Debug */ = {
			isa = XCBuildConfiguration;
			buildSettings = {
				ASSETCATALOG_COMPILER_APPICON_NAME = AppIcon;
				INFOPLIST_FILE = "My First Project/Info.plist";
				IPHONEOS_DEPLOYMENT_TARGET = 8.1;
				LD_RUNPATH_SEARCH_PATHS = "$(inherited) @executable_path/Frameworks";
				PRODUCT_BUNDLE_IDENTIFIER = "com.eavh.My-First-Project";
				PRODUCT_NAME = "$(TARGET_NAME)";
			};
			name = Debug;
		};
		CD8AD42F1CFE600A001E9BBC /* Release */ = {
			isa = XCBuildConfiguration;
			buildSettings = {
				ASSETCATALOG_COMPILER_APPICON_NAME = AppIcon;
				INFOPLIST_FILE = "My First Project/Info.plist";
				IPHONEOS_DEPLOYMENT_TARGET = 8.1;
				LD_RUNPATH_SEARCH_PATHS = "$(inherited) @executable_path/Frameworks";
				PRODUCT_BUNDLE_IDENTIFIER = "com.eavh.My-First-Project";
				PRODUCT_NAME = "$(TARGET_NAME)";
			};
			name = Release;
		};
/* End XCBuildConfiguration section */

/* Begin XCConfigurationList section */
		CD8AD40E1CFE600A001E9BBC /* Build configuration list for PBXProject "My First Project" */ = {
			isa = XCConfigurationList;
			buildConfigurations = (
				CD8AD42B1CFE600A001E9BBC /* Debug */,
				CD8AD42C1CFE600A001E9BBC /* Release */,
			);
			defaultConfigurationIsVisible = 0;
			defaultConfigurationName = Release;
		};
		CD8AD42D1CFE600A001E9BBC /* Build configuration list for PBXNativeTarget "My First Project" */ = {
			isa = XCConfigurationList;
			buildConfigurations = (
				CD8AD42E1CFE600A001E9BBC /* Debug */,
				CD8AD42F1CFE600A001E9BBC /* Release */,
			);
			defaultConfigurationIsVisible = 0;
			defaultConfigurationName = Release;
		};
/* End XCConfigurationList section */

/* Begin XCVersionGroup section */
		CD8AD4221CFE600A001E9BBC /* My_First_Project.xcdatamodeld */ = {
			isa = XCVersionGroup;
			children = (
				CD8AD4231CFE600A001E9BBC /* My_First_Project.xcdatamodel */,
			);
			currentVersion = CD8AD4231CFE600A001E9BBC /* My_First_Project.xcdatamodel */;
			path = My_First_Project.xcdatamodeld;
			sourceTree = "<group>";
			versionGroupType = wrapper.xcdatamodel;
		};
/* End XCVersionGroup section */
	};
	rootObject = CD8AD40B1CFE600A001E9BBC /* Project object */;
}
